<?xml version="1.0" encoding="utf-8"?>
<Project ToolsVersion="4.0" xmlns="http://schemas.microsoft.com/developer/msbuild/2003">
  <ItemGroup>
    <Filter Include="Source Files">
      <UniqueIdentifier>{b68a65de-1f3d-44f0-8ff4-f3e51b5f8541}</UniqueIdentifier>
      <Extensions>cpp;c;cxx;def</Extensions>
    </Filter>
    <Filter Include="Header Files">
      <UniqueIdentifier>{df53229f-e22f-40d8-95d7-149f8ecfcf25}</UniqueIdentifier>
      <Extensions>h;hpp;hxx</Extensions>
    </Filter>
  </ItemGroup>
  <ItemGroup>
    <ClCompile Include="dllmain.cpp"><Filter>Source Files</Filter></ClCompile>
    <ClCompile Include="MCTDE_NetOverlay.cpp"><Filter>Source Files</Filter></ClCompile>
    <ClCompile Include="VersionChecker.cpp"><Filter>Source Files</Filter></ClCompile>
    <ClCompile Include="pch.cpp"><Filter>Source Files</Filter></ClCompile>
  </ItemGroup>
  <ItemGroup>
    <ClInclude Include="framework.h"><Filter>Header Files</Filter></ClInclude>
    <ClInclude Include="pch.h"><Filter>Header Files</Filter></ClInclude>
  </ItemGroup>
  <ItemGroup>
    <Text Include="d3d9.def"><Filter>Source Files</Filter></Text>
  </ItemGroup>
</Project>
